
Microsoft Visual Studio Solution File, Format Version 12.00
# Visual Studio 2012
Project("{FAE04EC0-301F-11D3-BF4B-00C04F79EFBC}") = "Cucumber.SimpleDb", "Cucumber.SimpleDb\Cucumber.SimpleDb.csproj", "{9DA30BCD-FE40-4215-A513-3434608C20E7}"
EndProject
Project("{FAE04EC0-301F-11D3-BF4B-00C04F79EFBC}") = "Cucumber.SimpleDb.Test", "Cucumber.SimpleDb.Test\Cucumber.SimpleDb.Test.csproj", "{7C915ED2-81D2-4DAF-BB3E-503441CBD922}"
EndProject
Global
	GlobalSection(SolutionConfigurationPlatforms) = preSolution
		Debug|Any CPU = Debug|Any CPU
		Debug|Mixed Platforms = Debug|Mixed Platforms
		Debug|x86 = Debug|x86
		Release|Any CPU = Release|Any CPU
		Release|Mixed Platforms = Release|Mixed Platforms
		Release|x86 = Release|x86
	EndGlobalSection
	GlobalSection(ProjectConfigurationPlatforms) = postSolution
		{7C915ED2-81D2-4DAF-BB3E-503441CBD922}.Debug|Any CPU.ActiveCfg = Debug|Any CPU
		{7C915ED2-81D2-4DAF-BB3E-503441CBD922}.Debug|Any CPU.Build.0 = Debug|Any CPU
		{7C915ED2-81D2-4DAF-BB3E-503441CBD922}.Debug|Mixed Platforms.ActiveCfg = Debug|Any CPU
		{7C915ED2-81D2-4DAF-BB3E-503441CBD922}.Debug|Mixed Platforms.Build.0 = Debug|Any CPU
		{7C915ED2-81D2-4DAF-BB3E-503441CBD922}.Debug|x86.ActiveCfg = Debug|Any CPU
		{7C915ED2-81D2-4DAF-BB3E-503441CBD922}.Debug|x86.Build.0 = Debug|Any CPU
		{7C915ED2-81D2-4DAF-BB3E-503441CBD922}.Release|Any CPU.ActiveCfg = Release|Any CPU
		{7C915ED2-81D2-4DAF-BB3E-503441CBD922}.Release|Any CPU.Build.0 = Release|Any CPU
		{7C915ED2-81D2-4DAF-BB3E-503441CBD922}.Release|Mixed Platforms.ActiveCfg = Release|Any CPU
		{7C915ED2-81D2-4DAF-BB3E-503441CBD922}.Release|Mixed Platforms.Build.0 = Release|Any CPU
		{7C915ED2-81D2-4DAF-BB3E-503441CBD922}.Release|x86.ActiveCfg = Release|Any CPU
		{7C915ED2-81D2-4DAF-BB3E-503441CBD922}.Release|x86.Build.0 = Release|Any CPU
		{9DA30BCD-FE40-4215-A513-3434608C20E7}.Debug|Any CPU.ActiveCfg = Debug|Any CPU
		{9DA30BCD-FE40-4215-A513-3434608C20E7}.Debug|Any CPU.Build.0 = Debug|Any CPU
		{9DA30BCD-FE40-4215-A513-3434608C20E7}.Debug|Mixed Platforms.ActiveCfg = Debug|Any CPU
		{9DA30BCD-FE40-4215-A513-3434608C20E7}.Debug|Mixed Platforms.Build.0 = Debug|Any CPU
		{9DA30BCD-FE40-4215-A513-3434608C20E7}.Debug|x86.ActiveCfg = Debug|Any CPU
		{9DA30BCD-FE40-4215-A513-3434608C20E7}.Release|Any CPU.ActiveCfg = Release|Any CPU
		{9DA30BCD-FE40-4215-A513-3434608C20E7}.Release|Any CPU.Build.0 = Release|Any CPU
		{9DA30BCD-FE40-4215-A513-3434608C20E7}.Release|Mixed Platforms.ActiveCfg = Release|Any CPU
		{9DA30BCD-FE40-4215-A513-3434608C20E7}.Release|Mixed Platforms.Build.0 = Release|Any CPU
		{9DA30BCD-FE40-4215-A513-3434608C20E7}.Release|x86.ActiveCfg = Release|Any CPU
	EndGlobalSection
	GlobalSection(MonoDevelopProperties) = preSolution
		StartupItem = Cucumber.SimpleDb\Cucumber.SimpleDb.csproj
		Policies = $0
		$0.DotNetNamingPolicy = $1
		$1.DirectoryNamespaceAssociation = None
		$1.ResourceNamePolicy = FileFormatDefault
		$0.TextStylePolicy = $2
		$2.inheritsSet = null
		$2.scope = text/x-csharp
		$0.CSharpFormattingPolicy = $3
		$3.ElseIfNewLinePlacement = SameLine
		$3.AfterDelegateDeclarationParameterComma = True
		$3.inheritsSet = Mono
		$3.inheritsScope = text/x-csharp
		$3.scope = text/x-csharp
		$0.TextStylePolicy = $4
		$4.FileWidth = 120
		$4.inheritsSet = VisualStudio
		$4.inheritsScope = text/plain
		$4.scope = text/plain
	EndGlobalSection
	GlobalSection(SolutionProperties) = preSolution
		HideSolutionNode = FALSE
	EndGlobalSection
EndGlobal
